// !$*UTF8*$!
{
	archiveVersion = 1;
	classes = {
	};
	objectVersion = 50;
	objects = {

/* Begin PBXBuildFile section */
		DE905DAD2099116C0099CD93 /* main.m in Sources */ = {isa = PBXBuildFile; fileRef = DE905DAC2099116C0099CD93 /* main.m */; };
		DE905DB5209911D70099CD93 /* FoodTruck.m in Sources */ = {isa = PBXBuildFile; fileRef = DE905DB4209911D70099CD93 /* FoodTruck.m */; };
		DE905DB8209913120099CD93 /* Cook.m in Sources */ = {isa = PBXBuildFile; fileRef = DE905DB7209913120099CD93 /* Cook.m */; };
		DE905DBB209A63D70099CD93 /* AnotherCook.m in Sources */ = {isa = PBXBuildFile; fileRef = DE905DBA209A63D70099CD93 /* AnotherCook.m */; };
/* End PBXBuildFile section */

/* Begin PBXCopyFilesBuildPhase section */
		DE905DA72099116C0099CD93 /* CopyFiles */ = {
			isa = PBXCopyFilesBuildPhase;
			buildActionMask = 2147483647;
			dstPath = /usr/share/man/man1/;
			dstSubfolderSpec = 0;
			files = (
			);
			runOnlyForDeploymentPostprocessing = 1;
		};
/* End PBXCopyFilesBuildPhase section */

/* Begin PBXFileReference section */
		DE905DA92099116C0099CD93 /* Objective-C_6 */ = {isa = PBXFileReference; explicitFileType = "compiled.mach-o.executable"; includeInIndex = 0; path = "Objective-C_6"; sourceTree = BUILT_PRODUCTS_DIR; };
		DE905DAC2099116C0099CD93 /* main.m */ = {isa = PBXFileReference; lastKnownFileType = sourcecode.c.objc; path = main.m; sourceTree = "<group>"; };
		DE905DB3209911D60099CD93 /* FoodTruck.h */ = {isa = PBXFileReference; fileEncoding = 4; lastKnownFileType = sourcecode.c.h; path = FoodTruck.h; sourceTree = "<group>"; };
		DE905DB4209911D70099CD93 /* FoodTruck.m */ = {isa = PBXFileReference; fileEncoding = 4; lastKnownFileType = sourcecode.c.objc; path = FoodTruck.m; sourceTree = "<group>"; };
		DE905DB6209913120099CD93 /* Cook.h */ = {isa = PBXFileReference; lastKnownFileType = sourcecode.c.h; path = Cook.h; sourceTree = "<group>"; };
		DE905DB7209913120099CD93 /* Cook.m */ = {isa = PBXFileReference; lastKnownFileType = sourcecode.c.objc; path = Cook.m; sourceTree = "<group>"; };
		DE905DB9209A63D70099CD93 /* AnotherCook.h */ = {isa = PBXFileReference; lastKnownFileType = sourcecode.c.h; path = AnotherCook.h; sourceTree = "<group>"; };
		DE905DBA209A63D70099CD93 /* AnotherCook.m */ = {isa = PBXFileReference; lastKnownFileType = sourcecode.c.objc; path = AnotherCook.m; sourceTree = "<group>"; };
/* End PBXFileReference section */

/* Begin PBXFrameworksBuildPhase section */
		DE905DA62099116C0099CD93 /* Frameworks */ = {
			isa = PBXFrameworksBuildPhase;
			buildActionMask = 2147483647;
			files = (
			);
			runOnlyForDeploymentPostprocessing = 0;
		};
/* End PBXFrameworksBuildPhase section */

/* Begin PBXGroup section */
		DE905DA02099116C0099CD93 = {
			isa = PBXGroup;
			children = (
				DE905DAB2099116C0099CD93 /* Objective-C_6 */,
				DE905DAA2099116C0099CD93 /* Products */,
			);
			sourceTree = "<group>";
		};
		DE905DAA2099116C0099CD93 /* Products */ = {
			isa = PBXGroup;
			children = (
				DE905DA92099116C0099CD93 /* Objective-C_6 */,
			);
			name = Products;
			sourceTree = "<group>";
		};
		DE905DAB2099116C0099CD93 /* Objective-C_6 */ = {
			isa = PBXGroup;
			children = (
				DE905DAC2099116C0099CD93 /* main.m */,
				DE905DB3209911D60099CD93 /* FoodTruck.h */,
				DE905DB4209911D70099CD93 /* FoodTruck.m */,
				DE905DB6209913120099CD93 /* Cook.h */,
				DE905DB7209913120099CD93 /* Cook.m */,
				DE905DB9209A63D70099CD93 /* AnotherCook.h */,
				DE905DBA209A63D70099CD93 /* AnotherCook.m */,
			);
			path = "Objective-C_6";
			sourceTree = "<group>";
		};
/* End PBXGroup section */

/* Begin PBXNativeTarget section */
		DE905DA82099116C0099CD93 /* Objective-C_6 */ = {
			isa = PBXNativeTarget;
			buildConfigurationList = DE905DB02099116C0099CD93 /* Build configuration list for PBXNativeTarget "Objective-C_6" */;
			buildPhases = (
				DE905DA52099116C0099CD93 /* Sources */,
				DE905DA62099116C0099CD93 /* Frameworks */,
				DE905DA72099116C0099CD93 /* CopyFiles */,
			);
			buildRules = (
			);
			dependencies = (
			);
			name = "Objective-C_6";
			productName = "Objective-C_6";
			productReference = DE905DA92099116C0099CD93 /* Objective-C_6 */;
			productType = "com.apple.product-type.tool";
		};
/* End PBXNativeTarget section */

/* Begin PBXProject section */
		DE905DA12099116C0099CD93 /* Project object */ = {
			isa = PBXProject;
			attributes = {
				LastUpgradeCheck = 0930;
				ORGANIZATIONNAME = "佐藤亘";
				TargetAttributes = {
					DE905DA82099116C0099CD93 = {
						CreatedOnToolsVersion = 9.3;
					};
				};
			};
			buildConfigurationList = DE905DA42099116C0099CD93 /* Build configuration list for PBXProject "Objective-C_6" */;
			compatibilityVersion = "Xcode 9.3";
			developmentRegion = en;
			hasScannedForEncodings = 0;
			knownRegions = (
				en,
			);
			mainGroup = DE905DA02099116C0099CD93;
			productRefGroup = DE905DAA2099116C0099CD93 /* Products */;
			projectDirPath = "";
			projectRoot = "";
			targets = (
				DE905DA82099116C0099CD93 /* Objective-C_6 */,
			);
		};
/* End PBXProject section */

/* Begin PBXSourcesBuildPhase section */
		DE905DA52099116C0099CD93 /* Sources */ = {
			isa = PBXSourcesBuildPhase;
			buildActionMask = 2147483647;
			files = (
				DE905DAD2099116C0099CD93 /* main.m in Sources */,
				DE905DBB209A63D70099CD93 /* AnotherCook.m in Sources */,
				DE905DB5209911D70099CD93 /* FoodTruck.m in Sources */,
				DE905DB8209913120099CD93 /* Cook.m in Sources */,
			);
			runOnlyForDeploymentPostprocessing = 0;
		};
/* End PBXSourcesBuildPhase section */

/* Begin XCBuildConfiguration section */
		DE905DAE2099116C0099CD93 /* Debug */ = {
			isa = XCBuildConfiguration;
			buildSettings = {
				ALWAYS_SEARCH_USER_PATHS = NO;
				CLANG_ANALYZER_NONNULL = YES;
				CLANG_ANALYZER_NUMBER_OBJECT_CONVERSION = YES_AGGRESSIVE;
				CLANG_CXX_LANGUAGE_STANDARD = "gnu++14";
				CLANG_CXX_LIBRARY = "libc++";
				CLANG_ENABLE_MODULES = YES;
				CLANG_ENABLE_OBJC_ARC = YES;
				CLANG_ENABLE_OBJC_WEAK = YES;
				CLANG_WARN_BLOCK_CAPTURE_AUTORELEASING = YES;
				CLANG_WARN_BOOL_CONVERSION = YES;
				CLANG_WARN_COMMA = YES;
				CLANG_WARN_CONSTANT_CONVERSION = YES;
				CLANG_WARN_DEPRECATED_OBJC_IMPLEMENTATIONS = YES;
				CLANG_WARN_DIRECT_OBJC_ISA_USAGE = YES_ERROR;
				CLANG_WARN_DOCUMENTATION_COMMENTS = YES;
				CLANG_WARN_EMPTY_BODY = YES;
				CLANG_WARN_ENUM_CONVERSION = YES;
				CLANG_WARN_INFINITE_RECURSION = YES;
				CLANG_WARN_INT_CONVERSION = YES;
				CLANG_WARN_NON_LITERAL_NULL_CONVERSION = YES;
				CLANG_WARN_OBJC_IMPLICIT_RETAIN_SELF = YES;
				CLANG_WARN_OBJC_LITERAL_CONVERSION = YES;
				CLANG_WARN_OBJC_ROOT_CLASS = YES_ERROR;
				CLANG_WARN_RANGE_LOOP_ANALYSIS = YES;
				CLANG_WARN_STRICT_PROTOTYPES = YES;
				CLANG_WARN_SUSPICIOUS_MOVE = YES;
				CLANG_WARN_UNGUARDED_AVAILABILITY = YES_AGGRESSIVE;
				CLANG_WARN_UNREACHABLE_CODE = YES;
				CLANG_WARN__DUPLICATE_METHOD_MATCH = YES;
				CODE_SIGN_IDENTITY = "-";
				COPY_PHASE_STRIP = NO;
				DEBUG_INFORMATION_FORMAT = dwarf;
				ENABLE_STRICT_OBJC_MSGSEND = YES;
				ENABLE_TESTABILITY = YES;
				GCC_C_LANGUAGE_STANDARD = gnu11;
				GCC_DYNAMIC_NO_PIC = NO;
				GCC_NO_COMMON_BLOCKS = YES;
				GCC_OPTIMIZATION_LEVEL = 0;
				GCC_PREPROCESSOR_DEFINITIONS = (
					"DEBUG=1",
					"$(inherited)",
				);
				GCC_WARN_64_TO_32_BIT_CONVERSION = YES;
				GCC_WARN_ABOUT_RETURN_TYPE = YES_ERROR;
				GCC_WARN_UNDECLARED_SELECTOR = YES;
				GCC_WARN_UNINITIALIZED_AUTOS = YES_AGGRESSIVE;
				GCC_WARN_UNUSED_FUNCTION = YES;
				GCC_WARN_UNUSED_VARIABLE = YES;
				MACOSX_DEPLOYMENT_TARGET = 10.13;
				MTL_ENABLE_DEBUG_INFO = YES;
				ONLY_ACTIVE_ARCH = YES;
				SDKROOT = macosx;
			};
			name = Debug;
		};
		DE905DAF2099116C0099CD93 /* Release */ = {
			isa = XCBuildConfiguration;
			buildSettings = {
				ALWAYS_SEARCH_USER_PATHS = NO;
				CLANG_ANALYZER_NONNULL = YES;
				CLANG_ANALYZER_NUMBER_OBJECT_CONVERSION = YES_AGGRESSIVE;
				CLANG_CXX_LANGUAGE_STANDARD = "gnu++14";
				CLANG_CXX_LIBRARY = "libc++";
				CLANG_ENABLE_MODULES = YES;
				CLANG_ENABLE_OBJC_ARC = YES;
				CLANG_ENABLE_OBJC_WEAK = YES;
				CLANG_WARN_BLOCK_CAPTURE_AUTORELEASING = YES;
				CLANG_WARN_BOOL_CONVERSION = YES;
				CLANG_WARN_COMMA = YES;
				CLANG_WARN_CONSTANT_CONVERSION = YES;
				CLANG_WARN_DEPRECATED_OBJC_IMPLEMENTATIONS = YES;
				CLANG_WARN_DIRECT_OBJC_ISA_USAGE = YES_ERROR;
				CLANG_WARN_DOCUMENTATION_COMMENTS = YES;
				CLANG_WARN_EMPTY_BODY = YES;
				CLANG_WARN_ENUM_CONVERSION = YES;
				CLANG_WARN_INFINITE_RECURSION = YES;
				CLANG_WARN_INT_CONVERSION = YES;
				CLANG_WARN_NON_LITERAL_NULL_CONVERSION = YES;
				CLANG_WARN_OBJC_IMPLICIT_RETAIN_SELF = YES;
				CLANG_WARN_OBJC_LITERAL_CONVERSION = YES;
				CLANG_WARN_OBJC_ROOT_CLASS = YES_ERROR;
				CLANG_WARN_RANGE_LOOP_ANALYSIS = YES;
				CLANG_WARN_STRICT_PROTOTYPES = YES;
				CLANG_WARN_SUSPICIOUS_MOVE = YES;
				CLANG_WARN_UNGUARDED_AVAILABILITY = YES_AGGRESSIVE;
				CLANG_WARN_UNREACHABLE_CODE = YES;
				CLANG_WARN__DUPLICATE_METHOD_MATCH = YES;
				CODE_SIGN_IDENTITY = "-";
				COPY_PHASE_STRIP = NO;
				DEBUG_INFORMATION_FORMAT = "dwarf-with-dsym";
				ENABLE_NS_ASSERTIONS = NO;
				ENABLE_STRICT_OBJC_MSGSEND = YES;
				GCC_C_LANGUAGE_STANDARD = gnu11;
				GCC_NO_COMMON_BLOCKS = YES;
				GCC_WARN_64_TO_32_BIT_CONVERSION = YES;
				GCC_WARN_ABOUT_RETURN_TYPE = YES_ERROR;
				GCC_WARN_UNDECLARED_SELECTOR = YES;
				GCC_WARN_UNINITIALIZED_AUTOS = YES_AGGRESSIVE;
				GCC_WARN_UNUSED_FUNCTION = YES;
				GCC_WARN_UNUSED_VARIABLE = YES;
				MACOSX_DEPLOYMENT_TARGET = 10.13;
				MTL_ENABLE_DEBUG_INFO = NO;
				SDKROOT = macosx;
			};
			name = Release;
		};
		DE905DB12099116C0099CD93 /* Debug */ = {
			isa = XCBuildConfiguration;
			buildSettings = {
				CODE_SIGN_STYLE = Automatic;
				PRODUCT_NAME = "$(TARGET_NAME)";
			};
			name = Debug;
		};
		DE905DB22099116C0099CD93 /* Release */ = {
			isa = XCBuildConfiguration;
			buildSettings = {
				CODE_SIGN_STYLE = Automatic;
				PRODUCT_NAME = "$(TARGET_NAME)";
			};
			name = Release;
		};
/* End XCBuildConfiguration section */

/* Begin XCConfigurationList section */
		DE905DA42099116C0099CD93 /* Build configuration list for PBXProject "Objective-C_6" */ = {
			isa = XCConfigurationList;
			buildConfigurations = (
				DE905DAE2099116C0099CD93 /* Debug */,
				DE905DAF2099116C0099CD93 /* Release */,
			);
			defaultConfigurationIsVisible = 0;
			defaultConfigurationName = Release;
		};
		DE905DB02099116C0099CD93 /* Build configuration list for PBXNativeTarget "Objective-C_6" */ = {
			isa = XCConfigurationList;
			buildConfigurations = (
				DE905DB12099116C0099CD93 /* Debug */,
				DE905DB22099116C0099CD93 /* Release */,
			);
			defaultConfigurationIsVisible = 0;
			defaultConfigurationName = Release;
		};
/* End XCConfigurationList section */
	};
	rootObject = DE905DA12099116C0099CD93 /* Project object */;
}
