// !$*UTF8*$!
{
	archiveVersion = 1;
	classes = {
	};
	objectVersion = 50;
	objects = {

/* Begin PBXBuildFile section */
		DE88CED120894EB600E4433B /* main.m in Sources */ = {isa = PBXBuildFile; fileRef = DE88CED020894EB600E4433B /* main.m */; };
		DE88CEDC20895C7200E4433B /* InputCollector.m in Sources */ = {isa = PBXBuildFile; fileRef = DE88CEDA20895C7200E4433B /* InputCollector.m */; };
		DE88CEDF2089691500E4433B /* Contact.m in Sources */ = {isa = PBXBuildFile; fileRef = DE88CEDE2089691500E4433B /* Contact.m */; };
		DE88CEE2208AAACA00E4433B /* ContactList.m in Sources */ = {isa = PBXBuildFile; fileRef = DE88CEE1208AAACA00E4433B /* ContactList.m */; };
/* End PBXBuildFile section */

/* Begin PBXCopyFilesBuildPhase section */
		DE88CECB20894EB600E4433B /* CopyFiles */ = {
			isa = PBXCopyFilesBuildPhase;
			buildActionMask = 2147483647;
			dstPath = /usr/share/man/man1/;
			dstSubfolderSpec = 0;
			files = (
			);
			runOnlyForDeploymentPostprocessing = 1;
		};
/* End PBXCopyFilesBuildPhase section */

/* Begin PBXFileReference section */
		DE88CECD20894EB600E4433B /* Objective-C_3 */ = {isa = PBXFileReference; explicitFileType = "compiled.mach-o.executable"; includeInIndex = 0; path = "Objective-C_3"; sourceTree = BUILT_PRODUCTS_DIR; };
		DE88CED020894EB600E4433B /* main.m */ = {isa = PBXFileReference; lastKnownFileType = sourcecode.c.objc; path = main.m; sourceTree = "<group>"; };
		DE88CEDA20895C7200E4433B /* InputCollector.m */ = {isa = PBXFileReference; fileEncoding = 4; lastKnownFileType = sourcecode.c.objc; path = InputCollector.m; sourceTree = "<group>"; };
		DE88CEDB20895C7200E4433B /* InputCollector.h */ = {isa = PBXFileReference; fileEncoding = 4; lastKnownFileType = sourcecode.c.h; path = InputCollector.h; sourceTree = "<group>"; };
		DE88CEDD2089691500E4433B /* Contact.h */ = {isa = PBXFileReference; lastKnownFileType = sourcecode.c.h; path = Contact.h; sourceTree = "<group>"; };
		DE88CEDE2089691500E4433B /* Contact.m */ = {isa = PBXFileReference; lastKnownFileType = sourcecode.c.objc; path = Contact.m; sourceTree = "<group>"; };
		DE88CEE0208AAACA00E4433B /* ContactList.h */ = {isa = PBXFileReference; lastKnownFileType = sourcecode.c.h; path = ContactList.h; sourceTree = "<group>"; };
		DE88CEE1208AAACA00E4433B /* ContactList.m */ = {isa = PBXFileReference; lastKnownFileType = sourcecode.c.objc; path = ContactList.m; sourceTree = "<group>"; };
/* End PBXFileReference section */

/* Begin PBXFrameworksBuildPhase section */
		DE88CECA20894EB600E4433B /* Frameworks */ = {
			isa = PBXFrameworksBuildPhase;
			buildActionMask = 2147483647;
			files = (
			);
			runOnlyForDeploymentPostprocessing = 0;
		};
/* End PBXFrameworksBuildPhase section */

/* Begin PBXGroup section */
		DE88CEC420894EB600E4433B = {
			isa = PBXGroup;
			children = (
				DE88CECF20894EB600E4433B /* Objective-C_3 */,
				DE88CECE20894EB600E4433B /* Products */,
			);
			sourceTree = "<group>";
		};
		DE88CECE20894EB600E4433B /* Products */ = {
			isa = PBXGroup;
			children = (
				DE88CECD20894EB600E4433B /* Objective-C_3 */,
			);
			name = Products;
			sourceTree = "<group>";
		};
		DE88CECF20894EB600E4433B /* Objective-C_3 */ = {
			isa = PBXGroup;
			children = (
				DE88CED020894EB600E4433B /* main.m */,
				DE88CEE0208AAACA00E4433B /* ContactList.h */,
				DE88CEE1208AAACA00E4433B /* ContactList.m */,
				DE88CEDD2089691500E4433B /* Contact.h */,
				DE88CEDE2089691500E4433B /* Contact.m */,
				DE88CEDB20895C7200E4433B /* InputCollector.h */,
				DE88CEDA20895C7200E4433B /* InputCollector.m */,
			);
			path = "Objective-C_3";
			sourceTree = "<group>";
		};
/* End PBXGroup section */

/* Begin PBXNativeTarget section */
		DE88CECC20894EB600E4433B /* Objective-C_3 */ = {
			isa = PBXNativeTarget;
			buildConfigurationList = DE88CED420894EB600E4433B /* Build configuration list for PBXNativeTarget "Objective-C_3" */;
			buildPhases = (
				DE88CEC920894EB600E4433B /* Sources */,
				DE88CECA20894EB600E4433B /* Frameworks */,
				DE88CECB20894EB600E4433B /* CopyFiles */,
			);
			buildRules = (
			);
			dependencies = (
			);
			name = "Objective-C_3";
			productName = "Objective-C_3";
			productReference = DE88CECD20894EB600E4433B /* Objective-C_3 */;
			productType = "com.apple.product-type.tool";
		};
/* End PBXNativeTarget section */

/* Begin PBXProject section */
		DE88CEC520894EB600E4433B /* Project object */ = {
			isa = PBXProject;
			attributes = {
				LastUpgradeCheck = 0930;
				ORGANIZATIONNAME = "佐藤亘";
				TargetAttributes = {
					DE88CECC20894EB600E4433B = {
						CreatedOnToolsVersion = 9.3;
					};
				};
			};
			buildConfigurationList = DE88CEC820894EB600E4433B /* Build configuration list for PBXProject "Objective-C_3" */;
			compatibilityVersion = "Xcode 9.3";
			developmentRegion = en;
			hasScannedForEncodings = 0;
			knownRegions = (
				en,
			);
			mainGroup = DE88CEC420894EB600E4433B;
			productRefGroup = DE88CECE20894EB600E4433B /* Products */;
			projectDirPath = "";
			projectRoot = "";
			targets = (
				DE88CECC20894EB600E4433B /* Objective-C_3 */,
			);
		};
/* End PBXProject section */

/* Begin PBXSourcesBuildPhase section */
		DE88CEC920894EB600E4433B /* Sources */ = {
			isa = PBXSourcesBuildPhase;
			buildActionMask = 2147483647;
			files = (
				DE88CEE2208AAACA00E4433B /* ContactList.m in Sources */,
				DE88CEDC20895C7200E4433B /* InputCollector.m in Sources */,
				DE88CEDF2089691500E4433B /* Contact.m in Sources */,
				DE88CED120894EB600E4433B /* main.m in Sources */,
			);
			runOnlyForDeploymentPostprocessing = 0;
		};
/* End PBXSourcesBuildPhase section */

/* Begin XCBuildConfiguration section */
		DE88CED220894EB600E4433B /* Debug */ = {
			isa = XCBuildConfiguration;
			buildSettings = {
				ALWAYS_SEARCH_USER_PATHS = NO;
				CLANG_ANALYZER_NONNULL = YES;
				CLANG_ANALYZER_NUMBER_OBJECT_CONVERSION = YES_AGGRESSIVE;
				CLANG_CXX_LANGUAGE_STANDARD = "gnu++14";
				CLANG_CXX_LIBRARY = "libc++";
				CLANG_ENABLE_MODULES = YES;
				CLANG_ENABLE_OBJC_ARC = YES;
				CLANG_ENABLE_OBJC_WEAK = YES;
				CLANG_WARN_BLOCK_CAPTURE_AUTORELEASING = YES;
				CLANG_WARN_BOOL_CONVERSION = YES;
				CLANG_WARN_COMMA = YES;
				CLANG_WARN_CONSTANT_CONVERSION = YES;
				CLANG_WARN_DEPRECATED_OBJC_IMPLEMENTATIONS = YES;
				CLANG_WARN_DIRECT_OBJC_ISA_USAGE = YES_ERROR;
				CLANG_WARN_DOCUMENTATION_COMMENTS = YES;
				CLANG_WARN_EMPTY_BODY = YES;
				CLANG_WARN_ENUM_CONVERSION = YES;
				CLANG_WARN_INFINITE_RECURSION = YES;
				CLANG_WARN_INT_CONVERSION = YES;
				CLANG_WARN_NON_LITERAL_NULL_CONVERSION = YES;
				CLANG_WARN_OBJC_IMPLICIT_RETAIN_SELF = YES;
				CLANG_WARN_OBJC_LITERAL_CONVERSION = YES;
				CLANG_WARN_OBJC_ROOT_CLASS = YES_ERROR;
				CLANG_WARN_RANGE_LOOP_ANALYSIS = YES;
				CLANG_WARN_STRICT_PROTOTYPES = YES;
				CLANG_WARN_SUSPICIOUS_MOVE = YES;
				CLANG_WARN_UNGUARDED_AVAILABILITY = YES_AGGRESSIVE;
				CLANG_WARN_UNREACHABLE_CODE = YES;
				CLANG_WARN__DUPLICATE_METHOD_MATCH = YES;
				CODE_SIGN_IDENTITY = "-";
				COPY_PHASE_STRIP = NO;
				DEBUG_INFORMATION_FORMAT = dwarf;
				ENABLE_STRICT_OBJC_MSGSEND = YES;
				ENABLE_TESTABILITY = YES;
				GCC_C_LANGUAGE_STANDARD = gnu11;
				GCC_DYNAMIC_NO_PIC = NO;
				GCC_NO_COMMON_BLOCKS = YES;
				GCC_OPTIMIZATION_LEVEL = 0;
				GCC_PREPROCESSOR_DEFINITIONS = (
					"DEBUG=1",
					"$(inherited)",
				);
				GCC_WARN_64_TO_32_BIT_CONVERSION = YES;
				GCC_WARN_ABOUT_RETURN_TYPE = YES_ERROR;
				GCC_WARN_UNDECLARED_SELECTOR = YES;
				GCC_WARN_UNINITIALIZED_AUTOS = YES_AGGRESSIVE;
				GCC_WARN_UNUSED_FUNCTION = YES;
				GCC_WARN_UNUSED_VARIABLE = YES;
				MACOSX_DEPLOYMENT_TARGET = 10.13;
				MTL_ENABLE_DEBUG_INFO = YES;
				ONLY_ACTIVE_ARCH = YES;
				SDKROOT = macosx;
			};
			name = Debug;
		};
		DE88CED320894EB600E4433B /* Release */ = {
			isa = XCBuildConfiguration;
			buildSettings = {
				ALWAYS_SEARCH_USER_PATHS = NO;
				CLANG_ANALYZER_NONNULL = YES;
				CLANG_ANALYZER_NUMBER_OBJECT_CONVERSION = YES_AGGRESSIVE;
				CLANG_CXX_LANGUAGE_STANDARD = "gnu++14";
				CLANG_CXX_LIBRARY = "libc++";
				CLANG_ENABLE_MODULES = YES;
				CLANG_ENABLE_OBJC_ARC = YES;
				CLANG_ENABLE_OBJC_WEAK = YES;
				CLANG_WARN_BLOCK_CAPTURE_AUTORELEASING = YES;
				CLANG_WARN_BOOL_CONVERSION = YES;
				CLANG_WARN_COMMA = YES;
				CLANG_WARN_CONSTANT_CONVERSION = YES;
				CLANG_WARN_DEPRECATED_OBJC_IMPLEMENTATIONS = YES;
				CLANG_WARN_DIRECT_OBJC_ISA_USAGE = YES_ERROR;
				CLANG_WARN_DOCUMENTATION_COMMENTS = YES;
				CLANG_WARN_EMPTY_BODY = YES;
				CLANG_WARN_ENUM_CONVERSION = YES;
				CLANG_WARN_INFINITE_RECURSION = YES;
				CLANG_WARN_INT_CONVERSION = YES;
				CLANG_WARN_NON_LITERAL_NULL_CONVERSION = YES;
				CLANG_WARN_OBJC_IMPLICIT_RETAIN_SELF = YES;
				CLANG_WARN_OBJC_LITERAL_CONVERSION = YES;
				CLANG_WARN_OBJC_ROOT_CLASS = YES_ERROR;
				CLANG_WARN_RANGE_LOOP_ANALYSIS = YES;
				CLANG_WARN_STRICT_PROTOTYPES = YES;
				CLANG_WARN_SUSPICIOUS_MOVE = YES;
				CLANG_WARN_UNGUARDED_AVAILABILITY = YES_AGGRESSIVE;
				CLANG_WARN_UNREACHABLE_CODE = YES;
				CLANG_WARN__DUPLICATE_METHOD_MATCH = YES;
				CODE_SIGN_IDENTITY = "-";
				COPY_PHASE_STRIP = NO;
				DEBUG_INFORMATION_FORMAT = "dwarf-with-dsym";
				ENABLE_NS_ASSERTIONS = NO;
				ENABLE_STRICT_OBJC_MSGSEND = YES;
				GCC_C_LANGUAGE_STANDARD = gnu11;
				GCC_NO_COMMON_BLOCKS = YES;
				GCC_WARN_64_TO_32_BIT_CONVERSION = YES;
				GCC_WARN_ABOUT_RETURN_TYPE = YES_ERROR;
				GCC_WARN_UNDECLARED_SELECTOR = YES;
				GCC_WARN_UNINITIALIZED_AUTOS = YES_AGGRESSIVE;
				GCC_WARN_UNUSED_FUNCTION = YES;
				GCC_WARN_UNUSED_VARIABLE = YES;
				MACOSX_DEPLOYMENT_TARGET = 10.13;
				MTL_ENABLE_DEBUG_INFO = NO;
				SDKROOT = macosx;
			};
			name = Release;
		};
		DE88CED520894EB600E4433B /* Debug */ = {
			isa = XCBuildConfiguration;
			buildSettings = {
				CODE_SIGN_STYLE = Automatic;
				PRODUCT_NAME = "$(TARGET_NAME)";
			};
			name = Debug;
		};
		DE88CED620894EB600E4433B /* Release */ = {
			isa = XCBuildConfiguration;
			buildSettings = {
				CODE_SIGN_STYLE = Automatic;
				PRODUCT_NAME = "$(TARGET_NAME)";
			};
			name = Release;
		};
/* End XCBuildConfiguration section */

/* Begin XCConfigurationList section */
		DE88CEC820894EB600E4433B /* Build configuration list for PBXProject "Objective-C_3" */ = {
			isa = XCConfigurationList;
			buildConfigurations = (
				DE88CED220894EB600E4433B /* Debug */,
				DE88CED320894EB600E4433B /* Release */,
			);
			defaultConfigurationIsVisible = 0;
			defaultConfigurationName = Release;
		};
		DE88CED420894EB600E4433B /* Build configuration list for PBXNativeTarget "Objective-C_3" */ = {
			isa = XCConfigurationList;
			buildConfigurations = (
				DE88CED520894EB600E4433B /* Debug */,
				DE88CED620894EB600E4433B /* Release */,
			);
			defaultConfigurationIsVisible = 0;
			defaultConfigurationName = Release;
		};
/* End XCConfigurationList section */
	};
	rootObject = DE88CEC520894EB600E4433B /* Project object */;
}
