// !$*UTF8*$!
{
	archiveVersion = 1;
	classes = {
	};
	objectVersion = 50;
	objects = {

/* Begin PBXBuildFile section */
		DE7001622093D7D800E6FB4B /* main.m in Sources */ = {isa = PBXBuildFile; fileRef = DE7001612093D7D800E6FB4B /* main.m */; };
		DE905D992093E1120099CD93 /* InputCollector.m in Sources */ = {isa = PBXBuildFile; fileRef = DE905D982093E1120099CD93 /* InputCollector.m */; };
		DE905D9C2093E5F90099CD93 /* Pizza.m in Sources */ = {isa = PBXBuildFile; fileRef = DE905D9B2093E5F90099CD93 /* Pizza.m */; };
		DE905D9F2093F6CD0099CD93 /* Kitchen.m in Sources */ = {isa = PBXBuildFile; fileRef = DE905D9E2093F6CC0099CD93 /* Kitchen.m */; };
/* End PBXBuildFile section */

/* Begin PBXCopyFilesBuildPhase section */
		DE70015C2093D7D800E6FB4B /* CopyFiles */ = {
			isa = PBXCopyFilesBuildPhase;
			buildActionMask = 2147483647;
			dstPath = /usr/share/man/man1/;
			dstSubfolderSpec = 0;
			files = (
			);
			runOnlyForDeploymentPostprocessing = 1;
		};
/* End PBXCopyFilesBuildPhase section */

/* Begin PBXFileReference section */
		DE70015E2093D7D800E6FB4B /* Objective-C_5 */ = {isa = PBXFileReference; explicitFileType = "compiled.mach-o.executable"; includeInIndex = 0; path = "Objective-C_5"; sourceTree = BUILT_PRODUCTS_DIR; };
		DE7001612093D7D800E6FB4B /* main.m */ = {isa = PBXFileReference; lastKnownFileType = sourcecode.c.objc; path = main.m; sourceTree = "<group>"; };
		DE905D972093E1120099CD93 /* InputCollector.h */ = {isa = PBXFileReference; fileEncoding = 4; lastKnownFileType = sourcecode.c.h; name = InputCollector.h; path = "../../Objective-C_3/Objective-C_3/InputCollector.h"; sourceTree = "<group>"; };
		DE905D982093E1120099CD93 /* InputCollector.m */ = {isa = PBXFileReference; fileEncoding = 4; lastKnownFileType = sourcecode.c.objc; name = InputCollector.m; path = "../../Objective-C_3/Objective-C_3/InputCollector.m"; sourceTree = "<group>"; };
		DE905D9A2093E5F90099CD93 /* Pizza.h */ = {isa = PBXFileReference; lastKnownFileType = sourcecode.c.h; path = Pizza.h; sourceTree = "<group>"; };
		DE905D9B2093E5F90099CD93 /* Pizza.m */ = {isa = PBXFileReference; lastKnownFileType = sourcecode.c.objc; path = Pizza.m; sourceTree = "<group>"; };
		DE905D9D2093F6CC0099CD93 /* Kitchen.h */ = {isa = PBXFileReference; fileEncoding = 4; lastKnownFileType = sourcecode.c.h; path = Kitchen.h; sourceTree = "<group>"; };
		DE905D9E2093F6CC0099CD93 /* Kitchen.m */ = {isa = PBXFileReference; fileEncoding = 4; lastKnownFileType = sourcecode.c.objc; path = Kitchen.m; sourceTree = "<group>"; };
/* End PBXFileReference section */

/* Begin PBXFrameworksBuildPhase section */
		DE70015B2093D7D800E6FB4B /* Frameworks */ = {
			isa = PBXFrameworksBuildPhase;
			buildActionMask = 2147483647;
			files = (
			);
			runOnlyForDeploymentPostprocessing = 0;
		};
/* End PBXFrameworksBuildPhase section */

/* Begin PBXGroup section */
		DE7001552093D7D800E6FB4B = {
			isa = PBXGroup;
			children = (
				DE7001602093D7D800E6FB4B /* Objective-C_5 */,
				DE70015F2093D7D800E6FB4B /* Products */,
			);
			sourceTree = "<group>";
		};
		DE70015F2093D7D800E6FB4B /* Products */ = {
			isa = PBXGroup;
			children = (
				DE70015E2093D7D800E6FB4B /* Objective-C_5 */,
			);
			name = Products;
			sourceTree = "<group>";
		};
		DE7001602093D7D800E6FB4B /* Objective-C_5 */ = {
			isa = PBXGroup;
			children = (
				DE905D9A2093E5F90099CD93 /* Pizza.h */,
				DE905D9B2093E5F90099CD93 /* Pizza.m */,
				DE7001612093D7D800E6FB4B /* main.m */,
				DE905D972093E1120099CD93 /* InputCollector.h */,
				DE905D982093E1120099CD93 /* InputCollector.m */,
				DE905D9D2093F6CC0099CD93 /* Kitchen.h */,
				DE905D9E2093F6CC0099CD93 /* Kitchen.m */,
			);
			path = "Objective-C_5";
			sourceTree = "<group>";
		};
/* End PBXGroup section */

/* Begin PBXNativeTarget section */
		DE70015D2093D7D800E6FB4B /* Objective-C_5 */ = {
			isa = PBXNativeTarget;
			buildConfigurationList = DE7001652093D7D800E6FB4B /* Build configuration list for PBXNativeTarget "Objective-C_5" */;
			buildPhases = (
				DE70015A2093D7D800E6FB4B /* Sources */,
				DE70015B2093D7D800E6FB4B /* Frameworks */,
				DE70015C2093D7D800E6FB4B /* CopyFiles */,
			);
			buildRules = (
			);
			dependencies = (
			);
			name = "Objective-C_5";
			productName = "Objective-C_5";
			productReference = DE70015E2093D7D800E6FB4B /* Objective-C_5 */;
			productType = "com.apple.product-type.tool";
		};
/* End PBXNativeTarget section */

/* Begin PBXProject section */
		DE7001562093D7D800E6FB4B /* Project object */ = {
			isa = PBXProject;
			attributes = {
				LastUpgradeCheck = 0930;
				ORGANIZATIONNAME = "佐藤亘";
				TargetAttributes = {
					DE70015D2093D7D800E6FB4B = {
						CreatedOnToolsVersion = 9.3;
					};
				};
			};
			buildConfigurationList = DE7001592093D7D800E6FB4B /* Build configuration list for PBXProject "Objective-C_5" */;
			compatibilityVersion = "Xcode 9.3";
			developmentRegion = en;
			hasScannedForEncodings = 0;
			knownRegions = (
				en,
			);
			mainGroup = DE7001552093D7D800E6FB4B;
			productRefGroup = DE70015F2093D7D800E6FB4B /* Products */;
			projectDirPath = "";
			projectRoot = "";
			targets = (
				DE70015D2093D7D800E6FB4B /* Objective-C_5 */,
			);
		};
/* End PBXProject section */

/* Begin PBXSourcesBuildPhase section */
		DE70015A2093D7D800E6FB4B /* Sources */ = {
			isa = PBXSourcesBuildPhase;
			buildActionMask = 2147483647;
			files = (
				DE905D9C2093E5F90099CD93 /* Pizza.m in Sources */,
				DE905D992093E1120099CD93 /* InputCollector.m in Sources */,
				DE905D9F2093F6CD0099CD93 /* Kitchen.m in Sources */,
				DE7001622093D7D800E6FB4B /* main.m in Sources */,
			);
			runOnlyForDeploymentPostprocessing = 0;
		};
/* End PBXSourcesBuildPhase section */

/* Begin XCBuildConfiguration section */
		DE7001632093D7D800E6FB4B /* Debug */ = {
			isa = XCBuildConfiguration;
			buildSettings = {
				ALWAYS_SEARCH_USER_PATHS = NO;
				CLANG_ANALYZER_NONNULL = YES;
				CLANG_ANALYZER_NUMBER_OBJECT_CONVERSION = YES_AGGRESSIVE;
				CLANG_CXX_LANGUAGE_STANDARD = "gnu++14";
				CLANG_CXX_LIBRARY = "libc++";
				CLANG_ENABLE_MODULES = YES;
				CLANG_ENABLE_OBJC_ARC = YES;
				CLANG_ENABLE_OBJC_WEAK = YES;
				CLANG_WARN_BLOCK_CAPTURE_AUTORELEASING = YES;
				CLANG_WARN_BOOL_CONVERSION = YES;
				CLANG_WARN_COMMA = YES;
				CLANG_WARN_CONSTANT_CONVERSION = YES;
				CLANG_WARN_DEPRECATED_OBJC_IMPLEMENTATIONS = YES;
				CLANG_WARN_DIRECT_OBJC_ISA_USAGE = YES_ERROR;
				CLANG_WARN_DOCUMENTATION_COMMENTS = YES;
				CLANG_WARN_EMPTY_BODY = YES;
				CLANG_WARN_ENUM_CONVERSION = YES;
				CLANG_WARN_INFINITE_RECURSION = YES;
				CLANG_WARN_INT_CONVERSION = YES;
				CLANG_WARN_NON_LITERAL_NULL_CONVERSION = YES;
				CLANG_WARN_OBJC_IMPLICIT_RETAIN_SELF = YES;
				CLANG_WARN_OBJC_LITERAL_CONVERSION = YES;
				CLANG_WARN_OBJC_ROOT_CLASS = YES_ERROR;
				CLANG_WARN_RANGE_LOOP_ANALYSIS = YES;
				CLANG_WARN_STRICT_PROTOTYPES = YES;
				CLANG_WARN_SUSPICIOUS_MOVE = YES;
				CLANG_WARN_UNGUARDED_AVAILABILITY = YES_AGGRESSIVE;
				CLANG_WARN_UNREACHABLE_CODE = YES;
				CLANG_WARN__DUPLICATE_METHOD_MATCH = YES;
				CODE_SIGN_IDENTITY = "-";
				COPY_PHASE_STRIP = NO;
				DEBUG_INFORMATION_FORMAT = dwarf;
				ENABLE_STRICT_OBJC_MSGSEND = YES;
				ENABLE_TESTABILITY = YES;
				GCC_C_LANGUAGE_STANDARD = gnu11;
				GCC_DYNAMIC_NO_PIC = NO;
				GCC_NO_COMMON_BLOCKS = YES;
				GCC_OPTIMIZATION_LEVEL = 0;
				GCC_PREPROCESSOR_DEFINITIONS = (
					"DEBUG=1",
					"$(inherited)",
				);
				GCC_WARN_64_TO_32_BIT_CONVERSION = YES;
				GCC_WARN_ABOUT_RETURN_TYPE = YES_ERROR;
				GCC_WARN_UNDECLARED_SELECTOR = YES;
				GCC_WARN_UNINITIALIZED_AUTOS = YES_AGGRESSIVE;
				GCC_WARN_UNUSED_FUNCTION = YES;
				GCC_WARN_UNUSED_VARIABLE = YES;
				MACOSX_DEPLOYMENT_TARGET = 10.13;
				MTL_ENABLE_DEBUG_INFO = YES;
				ONLY_ACTIVE_ARCH = YES;
				SDKROOT = macosx;
			};
			name = Debug;
		};
		DE7001642093D7D800E6FB4B /* Release */ = {
			isa = XCBuildConfiguration;
			buildSettings = {
				ALWAYS_SEARCH_USER_PATHS = NO;
				CLANG_ANALYZER_NONNULL = YES;
				CLANG_ANALYZER_NUMBER_OBJECT_CONVERSION = YES_AGGRESSIVE;
				CLANG_CXX_LANGUAGE_STANDARD = "gnu++14";
				CLANG_CXX_LIBRARY = "libc++";
				CLANG_ENABLE_MODULES = YES;
				CLANG_ENABLE_OBJC_ARC = YES;
				CLANG_ENABLE_OBJC_WEAK = YES;
				CLANG_WARN_BLOCK_CAPTURE_AUTORELEASING = YES;
				CLANG_WARN_BOOL_CONVERSION = YES;
				CLANG_WARN_COMMA = YES;
				CLANG_WARN_CONSTANT_CONVERSION = YES;
				CLANG_WARN_DEPRECATED_OBJC_IMPLEMENTATIONS = YES;
				CLANG_WARN_DIRECT_OBJC_ISA_USAGE = YES_ERROR;
				CLANG_WARN_DOCUMENTATION_COMMENTS = YES;
				CLANG_WARN_EMPTY_BODY = YES;
				CLANG_WARN_ENUM_CONVERSION = YES;
				CLANG_WARN_INFINITE_RECURSION = YES;
				CLANG_WARN_INT_CONVERSION = YES;
				CLANG_WARN_NON_LITERAL_NULL_CONVERSION = YES;
				CLANG_WARN_OBJC_IMPLICIT_RETAIN_SELF = YES;
				CLANG_WARN_OBJC_LITERAL_CONVERSION = YES;
				CLANG_WARN_OBJC_ROOT_CLASS = YES_ERROR;
				CLANG_WARN_RANGE_LOOP_ANALYSIS = YES;
				CLANG_WARN_STRICT_PROTOTYPES = YES;
				CLANG_WARN_SUSPICIOUS_MOVE = YES;
				CLANG_WARN_UNGUARDED_AVAILABILITY = YES_AGGRESSIVE;
				CLANG_WARN_UNREACHABLE_CODE = YES;
				CLANG_WARN__DUPLICATE_METHOD_MATCH = YES;
				CODE_SIGN_IDENTITY = "-";
				COPY_PHASE_STRIP = NO;
				DEBUG_INFORMATION_FORMAT = "dwarf-with-dsym";
				ENABLE_NS_ASSERTIONS = NO;
				ENABLE_STRICT_OBJC_MSGSEND = YES;
				GCC_C_LANGUAGE_STANDARD = gnu11;
				GCC_NO_COMMON_BLOCKS = YES;
				GCC_WARN_64_TO_32_BIT_CONVERSION = YES;
				GCC_WARN_ABOUT_RETURN_TYPE = YES_ERROR;
				GCC_WARN_UNDECLARED_SELECTOR = YES;
				GCC_WARN_UNINITIALIZED_AUTOS = YES_AGGRESSIVE;
				GCC_WARN_UNUSED_FUNCTION = YES;
				GCC_WARN_UNUSED_VARIABLE = YES;
				MACOSX_DEPLOYMENT_TARGET = 10.13;
				MTL_ENABLE_DEBUG_INFO = NO;
				SDKROOT = macosx;
			};
			name = Release;
		};
		DE7001662093D7D800E6FB4B /* Debug */ = {
			isa = XCBuildConfiguration;
			buildSettings = {
				CODE_SIGN_STYLE = Automatic;
				PRODUCT_NAME = "$(TARGET_NAME)";
			};
			name = Debug;
		};
		DE7001672093D7D800E6FB4B /* Release */ = {
			isa = XCBuildConfiguration;
			buildSettings = {
				CODE_SIGN_STYLE = Automatic;
				PRODUCT_NAME = "$(TARGET_NAME)";
			};
			name = Release;
		};
/* End XCBuildConfiguration section */

/* Begin XCConfigurationList section */
		DE7001592093D7D800E6FB4B /* Build configuration list for PBXProject "Objective-C_5" */ = {
			isa = XCConfigurationList;
			buildConfigurations = (
				DE7001632093D7D800E6FB4B /* Debug */,
				DE7001642093D7D800E6FB4B /* Release */,
			);
			defaultConfigurationIsVisible = 0;
			defaultConfigurationName = Release;
		};
		DE7001652093D7D800E6FB4B /* Build configuration list for PBXNativeTarget "Objective-C_5" */ = {
			isa = XCConfigurationList;
			buildConfigurations = (
				DE7001662093D7D800E6FB4B /* Debug */,
				DE7001672093D7D800E6FB4B /* Release */,
			);
			defaultConfigurationIsVisible = 0;
			defaultConfigurationName = Release;
		};
/* End XCConfigurationList section */
	};
	rootObject = DE7001562093D7D800E6FB4B /* Project object */;
}
